// !$*UTF8*$!
{
	archiveVersion = 1;
	classes = {
	};
	objectVersion = 46;
	objects = {

/* Begin PBXBuildFile section */
		F8EB301D1A1AEFE300CD162B /* main.m in Sources */ = {isa = PBXBuildFile; fileRef = F8EB301C1A1AEFE300CD162B /* main.m */; };
		F8EB30201A1AEFE300CD162B /* AppDelegate.m in Sources */ = {isa = PBXBuildFile; fileRef = F8EB301F1A1AEFE300CD162B /* AppDelegate.m */; };
		F8EB30231A1AEFE300CD162B /* FirstViewController.m in Sources */ = {isa = PBXBuildFile; fileRef = F8EB30221A1AEFE300CD162B /* FirstViewController.m */; };
		F8EB30261A1AEFE300CD162B /* SecondViewController.m in Sources */ = {isa = PBXBuildFile; fileRef = F8EB30251A1AEFE300CD162B /* SecondViewController.m */; };
		F8EB30291A1AEFE300CD162B /* Main.storyboard in Resources */ = {isa = PBXBuildFile; fileRef = F8EB30271A1AEFE300CD162B /* Main.storyboard */; };
		F8EB302B1A1AEFE300CD162B /* Images.xcassets in Resources */ = {isa = PBXBuildFile; fileRef = F8EB302A1A1AEFE300CD162B /* Images.xcassets */; };
		F8EB302E1A1AEFE300CD162B /* LaunchScreen.xib in Resources */ = {isa = PBXBuildFile; fileRef = F8EB302C1A1AEFE300CD162B /* LaunchScreen.xib */; };
		F8EB303A1A1AEFE300CD162B /* MetroTests.m in Sources */ = {isa = PBXBuildFile; fileRef = F8EB30391A1AEFE300CD162B /* MetroTests.m */; };
/* End PBXBuildFile section */

/* Begin PBXContainerItemProxy section */
		F8EB30341A1AEFE300CD162B /* PBXContainerItemProxy */ = {
			isa = PBXContainerItemProxy;
			containerPortal = F8EB300F1A1AEFE300CD162B /* Project object */;
			proxyType = 1;
			remoteGlobalIDString = F8EB30161A1AEFE300CD162B;
			remoteInfo = Metro;
		};
/* End PBXContainerItemProxy section */

/* Begin PBXFileReference section */
		F8EB30171A1AEFE300CD162B /* Metro.app */ = {isa = PBXFileReference; explicitFileType = wrapper.application; includeInIndex = 0; path = Metro.app; sourceTree = BUILT_PRODUCTS_DIR; };
		F8EB301B1A1AEFE300CD162B /* Info.plist */ = {isa = PBXFileReference; lastKnownFileType = text.plist.xml; path = Info.plist; sourceTree = "<group>"; };
		F8EB301C1A1AEFE300CD162B /* main.m */ = {isa = PBXFileReference; lastKnownFileType = sourcecode.c.objc; path = main.m; sourceTree = "<group>"; };
		F8EB301E1A1AEFE300CD162B /* AppDelegate.h */ = {isa = PBXFileReference; lastKnownFileType = sourcecode.c.h; path = AppDelegate.h; sourceTree = "<group>"; };
		F8EB301F1A1AEFE300CD162B /* AppDelegate.m */ = {isa = PBXFileReference; lastKnownFileType = sourcecode.c.objc; path = AppDelegate.m; sourceTree = "<group>"; };
		F8EB30211A1AEFE300CD162B /* FirstViewController.h */ = {isa = PBXFileReference; lastKnownFileType = sourcecode.c.h; path = FirstViewController.h; sourceTree = "<group>"; };
		F8EB30221A1AEFE300CD162B /* FirstViewController.m */ = {isa = PBXFileReference; lastKnownFileType = sourcecode.c.objc; path = FirstViewController.m; sourceTree = "<group>"; };
		F8EB30241A1AEFE300CD162B /* SecondViewController.h */ = {isa = PBXFileReference; lastKnownFileType = sourcecode.c.h; path = SecondViewController.h; sourceTree = "<group>"; };
		F8EB30251A1AEFE300CD162B /* SecondViewController.m */ = {isa = PBXFileReference; lastKnownFileType = sourcecode.c.objc; path = SecondViewController.m; sourceTree = "<group>"; };
		F8EB30281A1AEFE300CD162B /* Base */ = {isa = PBXFileReference; lastKnownFileType = file.storyboard; name = Base; path = Base.lproj/Main.storyboard; sourceTree = "<group>"; };
		F8EB302A1A1AEFE300CD162B /* Images.xcassets */ = {isa = PBXFileReference; lastKnownFileType = folder.assetcatalog; path = Images.xcassets; sourceTree = "<group>"; };
		F8EB302D1A1AEFE300CD162B /* Base */ = {isa = PBXFileReference; lastKnownFileType = file.xib; name = Base; path = Base.lproj/LaunchScreen.xib; sourceTree = "<group>"; };
		F8EB30331A1AEFE300CD162B /* MetroTests.xctest */ = {isa = PBXFileReference; explicitFileType = wrapper.cfbundle; includeInIndex = 0; path = MetroTests.xctest; sourceTree = BUILT_PRODUCTS_DIR; };
		F8EB30381A1AEFE300CD162B /* Info.plist */ = {isa = PBXFileReference; lastKnownFileType = text.plist.xml; path = Info.plist; sourceTree = "<group>"; };
		F8EB30391A1AEFE300CD162B /* MetroTests.m */ = {isa = PBXFileReference; lastKnownFileType = sourcecode.c.objc; path = MetroTests.m; sourceTree = "<group>"; };
/* End PBXFileReference section */

/* Begin PBXFrameworksBuildPhase section */
		F8EB30141A1AEFE300CD162B /* Frameworks */ = {
			isa = PBXFrameworksBuildPhase;
			buildActionMask = 2147483647;
			files = (
			);
			runOnlyForDeploymentPostprocessing = 0;
		};
		F8EB30301A1AEFE300CD162B /* Frameworks */ = {
			isa = PBXFrameworksBuildPhase;
			buildActionMask = 2147483647;
			files = (
			);
			runOnlyForDeploymentPostprocessing = 0;
		};
/* End PBXFrameworksBuildPhase section */

/* Begin PBXGroup section */
		F8EB300E1A1AEFE300CD162B = {
			isa = PBXGroup;
			children = (
				F8EB30191A1AEFE300CD162B /* Metro */,
				F8EB30361A1AEFE300CD162B /* MetroTests */,
				F8EB30181A1AEFE300CD162B /* Products */,
			);
			sourceTree = "<group>";
		};
		F8EB30181A1AEFE300CD162B /* Products */ = {
			isa = PBXGroup;
			children = (
				F8EB30171A1AEFE300CD162B /* Metro.app */,
				F8EB30331A1AEFE300CD162B /* MetroTests.xctest */,
			);
			name = Products;
			sourceTree = "<group>";
		};
		F8EB30191A1AEFE300CD162B /* Metro */ = {
			isa = PBXGroup;
			children = (
				F8EB301E1A1AEFE300CD162B /* AppDelegate.h */,
				F8EB301F1A1AEFE300CD162B /* AppDelegate.m */,
				F8EB30211A1AEFE300CD162B /* FirstViewController.h */,
				F8EB30221A1AEFE300CD162B /* FirstViewController.m */,
				F8EB30241A1AEFE300CD162B /* SecondViewController.h */,
				F8EB30251A1AEFE300CD162B /* SecondViewController.m */,
				F8EB30271A1AEFE300CD162B /* Main.storyboard */,
				F8EB302A1A1AEFE300CD162B /* Images.xcassets */,
				F8EB302C1A1AEFE300CD162B /* LaunchScreen.xib */,
				F8EB301A1A1AEFE300CD162B /* Supporting Files */,
			);
			path = Metro;
			sourceTree = "<group>";
		};
		F8EB301A1A1AEFE300CD162B /* Supporting Files */ = {
			isa = PBXGroup;
			children = (
				F8EB301B1A1AEFE300CD162B /* Info.plist */,
				F8EB301C1A1AEFE300CD162B /* main.m */,
			);
			name = "Supporting Files";
			sourceTree = "<group>";
		};
		F8EB30361A1AEFE300CD162B /* MetroTests */ = {
			isa = PBXGroup;
			children = (
				F8EB30391A1AEFE300CD162B /* MetroTests.m */,
				F8EB30371A1AEFE300CD162B /* Supporting Files */,
			);
			path = MetroTests;
			sourceTree = "<group>";
		};
		F8EB30371A1AEFE300CD162B /* Supporting Files */ = {
			isa = PBXGroup;
			children = (
				F8EB30381A1AEFE300CD162B /* Info.plist */,
			);
			name = "Supporting Files";
			sourceTree = "<group>";
		};
/* End PBXGroup section */

/* Begin PBXNativeTarget section */
		F8EB30161A1AEFE300CD162B /* Metro */ = {
			isa = PBXNativeTarget;
			buildConfigurationList = F8EB303D1A1AEFE300CD162B /* Build configuration list for PBXNativeTarget "Metro" */;
			buildPhases = (
				F8EB30131A1AEFE300CD162B /* Sources */,
				F8EB30141A1AEFE300CD162B /* Frameworks */,
				F8EB30151A1AEFE300CD162B /* Resources */,
			);
			buildRules = (
			);
			dependencies = (
			);
			name = Metro;
			productName = Metro;
			productReference = F8EB30171A1AEFE300CD162B /* Metro.app */;
			productType = "com.apple.product-type.application";
		};
		F8EB30321A1AEFE300CD162B /* MetroTests */ = {
			isa = PBXNativeTarget;
			buildConfigurationList = F8EB30401A1AEFE300CD162B /* Build configuration list for PBXNativeTarget "MetroTests" */;
			buildPhases = (
				F8EB302F1A1AEFE300CD162B /* Sources */,
				F8EB30301A1AEFE300CD162B /* Frameworks */,
				F8EB30311A1AEFE300CD162B /* Resources */,
			);
			buildRules = (
			);
			dependencies = (
				F8EB30351A1AEFE300CD162B /* PBXTargetDependency */,
			);
			name = MetroTests;
			productName = MetroTests;
			productReference = F8EB30331A1AEFE300CD162B /* MetroTests.xctest */;
			productType = "com.apple.product-type.bundle.unit-test";
		};
/* End PBXNativeTarget section */

/* Begin PBXProject section */
		F8EB300F1A1AEFE300CD162B /* Project object */ = {
			isa = PBXProject;
			attributes = {
				LastUpgradeCheck = 0610;
				ORGANIZATIONNAME = com.hujao;
				TargetAttributes = {
					F8EB30161A1AEFE300CD162B = {
						CreatedOnToolsVersion = 6.1;
					};
					F8EB30321A1AEFE300CD162B = {
						CreatedOnToolsVersion = 6.1;
						TestTargetID = F8EB30161A1AEFE300CD162B;
					};
				};
			};
			buildConfigurationList = F8EB30121A1AEFE300CD162B /* Build configuration list for PBXProject "Metro" */;
			compatibilityVersion = "Xcode 3.2";
			developmentRegion = English;
			hasScannedForEncodings = 0;
			knownRegions = (
				en,
				Base,
			);
			mainGroup = F8EB300E1A1AEFE300CD162B;
			productRefGroup = F8EB30181A1AEFE300CD162B /* Products */;
			projectDirPath = "";
			projectRoot = "";
			targets = (
				F8EB30161A1AEFE300CD162B /* Metro */,
				F8EB30321A1AEFE300CD162B /* MetroTests */,
			);
		};
/* End PBXProject section */

/* Begin PBXResourcesBuildPhase section */
		F8EB30151A1AEFE300CD162B /* Resources */ = {
			isa = PBXResourcesBuildPhase;
			buildActionMask = 2147483647;
			files = (
				F8EB30291A1AEFE300CD162B /* Main.storyboard in Resources */,
				F8EB302E1A1AEFE300CD162B /* LaunchScreen.xib in Resources */,
				F8EB302B1A1AEFE300CD162B /* Images.xcassets in Resources */,
			);
			runOnlyForDeploymentPostprocessing = 0;
		};
		F8EB30311A1AEFE300CD162B /* Resources */ = {
			isa = PBXResourcesBuildPhase;
			buildActionMask = 2147483647;
			files = (
			);
			runOnlyForDeploymentPostprocessing = 0;
		};
/* End PBXResourcesBuildPhase section */

/* Begin PBXSourcesBuildPhase section */
		F8EB30131A1AEFE300CD162B /* Sources */ = {
			isa = PBXSourcesBuildPhase;
			buildActionMask = 2147483647;
			files = (
				F8EB30261A1AEFE300CD162B /* SecondViewController.m in Sources */,
				F8EB30201A1AEFE300CD162B /* AppDelegate.m in Sources */,
				F8EB30231A1AEFE300CD162B /* FirstViewController.m in Sources */,
				F8EB301D1A1AEFE300CD162B /* main.m in Sources */,
			);
			runOnlyForDeploymentPostprocessing = 0;
		};
		F8EB302F1A1AEFE300CD162B /* Sources */ = {
			isa = PBXSourcesBuildPhase;
			buildActionMask = 2147483647;
			files = (
				F8EB303A1A1AEFE300CD162B /* MetroTests.m in Sources */,
			);
			runOnlyForDeploymentPostprocessing = 0;
		};
/* End PBXSourcesBuildPhase section */

/* Begin PBXTargetDependency section */
		F8EB30351A1AEFE300CD162B /* PBXTargetDependency */ = {
			isa = PBXTargetDependency;
			target = F8EB30161A1AEFE300CD162B /* Metro */;
			targetProxy = F8EB30341A1AEFE300CD162B /* PBXContainerItemProxy */;
		};
/* End PBXTargetDependency section */

/* Begin PBXVariantGroup section */
		F8EB30271A1AEFE300CD162B /* Main.storyboard */ = {
			isa = PBXVariantGroup;
			children = (
				F8EB30281A1AEFE300CD162B /* Base */,
			);
			name = Main.storyboard;
			sourceTree = "<group>";
		};
		F8EB302C1A1AEFE300CD162B /* LaunchScreen.xib */ = {
			isa = PBXVariantGroup;
			children = (
				F8EB302D1A1AEFE300CD162B /* Base */,
			);
			name = LaunchScreen.xib;
			sourceTree = "<group>";
		};
/* End PBXVariantGroup section */

/* Begin XCBuildConfiguration section */
		F8EB303B1A1AEFE300CD162B /* Debug */ = {
			isa = XCBuildConfiguration;
			buildSettings = {
				ALWAYS_SEARCH_USER_PATHS = NO;
				CLANG_CXX_LANGUAGE_STANDARD = "gnu++0x";
				CLANG_CXX_LIBRARY = "libc++";
				CLANG_ENABLE_MODULES = YES;
				CLANG_ENABLE_OBJC_ARC = YES;
				CLANG_WARN_BOOL_CONVERSION = YES;
				CLANG_WARN_CONSTANT_CONVERSION = YES;
				CLANG_WARN_DIRECT_OBJC_ISA_USAGE = YES_ERROR;
				CLANG_WARN_EMPTY_BODY = YES;
				CLANG_WARN_ENUM_CONVERSION = YES;
				CLANG_WARN_INT_CONVERSION = YES;
				CLANG_WARN_OBJC_ROOT_CLASS = YES_ERROR;
				CLANG_WARN_UNREACHABLE_CODE = YES;
				CLANG_WARN__DUPLICATE_METHOD_MATCH = YES;
				"CODE_SIGN_IDENTITY[sdk=iphoneos*]" = "iPhone Developer";
				COPY_PHASE_STRIP = NO;
				ENABLE_STRICT_OBJC_MSGSEND = YES;
				GCC_C_LANGUAGE_STANDARD = gnu99;
				GCC_DYNAMIC_NO_PIC = NO;
				GCC_OPTIMIZATION_LEVEL = 0;
				GCC_PREPROCESSOR_DEFINITIONS = (
					"DEBUG=1",
					"$(inherited)",
				);
				GCC_SYMBOLS_PRIVATE_EXTERN = NO;
				GCC_WARN_64_TO_32_BIT_CONVERSION = YES;
				GCC_WARN_ABOUT_RETURN_TYPE = YES_ERROR;
				GCC_WARN_UNDECLARED_SELECTOR = YES;
				GCC_WARN_UNINITIALIZED_AUTOS = YES_AGGRESSIVE;
				GCC_WARN_UNUSED_FUNCTION = YES;
				GCC_WARN_UNUSED_VARIABLE = YES;
				IPHONEOS_DEPLOYMENT_TARGET = 8.1;
				MTL_ENABLE_DEBUG_INFO = YES;
				ONLY_ACTIVE_ARCH = YES;
				SDKROOT = iphoneos;
			};
			name = Debug;
		};
		F8EB303C1A1AEFE300CD162B /* Release */ = {
			isa = XCBuildConfiguration;
			buildSettings = {
				ALWAYS_SEARCH_USER_PATHS = NO;
				CLANG_CXX_LANGUAGE_STANDARD = "gnu++0x";
				CLANG_CXX_LIBRARY = "libc++";
				CLANG_ENABLE_MODULES = YES;
				CLANG_ENABLE_OBJC_ARC = YES;
				CLANG_WARN_BOOL_CONVERSION = YES;
				CLANG_WARN_CONSTANT_CONVERSION = YES;
				CLANG_WARN_DIRECT_OBJC_ISA_USAGE = YES_ERROR;
				CLANG_WARN_EMPTY_BODY = YES;
				CLANG_WARN_ENUM_CONVERSION = YES;
				CLANG_WARN_INT_CONVERSION = YES;
				CLANG_WARN_OBJC_ROOT_CLASS = YES_ERROR;
				CLANG_WARN_UNREACHABLE_CODE = YES;
				CLANG_WARN__DUPLICATE_METHOD_MATCH = YES;
				"CODE_SIGN_IDENTITY[sdk=iphoneos*]" = "iPhone Developer";
				COPY_PHASE_STRIP = YES;
				ENABLE_NS_ASSERTIONS = NO;
				ENABLE_STRICT_OBJC_MSGSEND = YES;
				GCC_C_LANGUAGE_STANDARD = gnu99;
				GCC_WARN_64_TO_32_BIT_CONVERSION = YES;
				GCC_WARN_ABOUT_RETURN_TYPE = YES_ERROR;
				GCC_WARN_UNDECLARED_SELECTOR = YES;
				GCC_WARN_UNINITIALIZED_AUTOS = YES_AGGRESSIVE;
				GCC_WARN_UNUSED_FUNCTION = YES;
				GCC_WARN_UNUSED_VARIABLE = YES;
				IPHONEOS_DEPLOYMENT_TARGET = 8.1;
				MTL_ENABLE_DEBUG_INFO = NO;
				SDKROOT = iphoneos;
				VALIDATE_PRODUCT = YES;
			};
			name = Release;
		};
		F8EB303E1A1AEFE300CD162B /* Debug */ = {
			isa = XCBuildConfiguration;
			buildSettings = {
				ASSETCATALOG_COMPILER_APPICON_NAME = AppIcon;
				INFOPLIST_FILE = Metro/Info.plist;
				LD_RUNPATH_SEARCH_PATHS = "$(inherited) @executable_path/Frameworks";
				PRODUCT_NAME = "$(TARGET_NAME)";
			};
			name = Debug;
		};
		F8EB303F1A1AEFE300CD162B /* Release */ = {
			isa = XCBuildConfiguration;
			buildSettings = {
				ASSETCATALOG_COMPILER_APPICON_NAME = AppIcon;
				INFOPLIST_FILE = Metro/Info.plist;
				LD_RUNPATH_SEARCH_PATHS = "$(inherited) @executable_path/Frameworks";
				PRODUCT_NAME = "$(TARGET_NAME)";
			};
			name = Release;
		};
		F8EB30411A1AEFE300CD162B /* Debug */ = {
			isa = XCBuildConfiguration;
			buildSettings = {
				BUNDLE_LOADER = "$(TEST_HOST)";
				FRAMEWORK_SEARCH_PATHS = (
					"$(SDKROOT)/Developer/Library/Frameworks",
					"$(inherited)",
				);
				GCC_PREPROCESSOR_DEFINITIONS = (
					"DEBUG=1",
					"$(inherited)",
				);
				INFOPLIST_FILE = MetroTests/Info.plist;
				LD_RUNPATH_SEARCH_PATHS = "$(inherited) @executable_path/Frameworks @loader_path/Frameworks";
				PRODUCT_NAME = "$(TARGET_NAME)";
				TEST_HOST = "$(BUILT_PRODUCTS_DIR)/Metro.app/Metro";
			};
			name = Debug;
		};
		F8EB30421A1AEFE300CD162B /* Release */ = {
			isa = XCBuildConfiguration;
			buildSettings = {
				BUNDLE_LOADER = "$(TEST_HOST)";
				FRAMEWORK_SEARCH_PATHS = (
					"$(SDKROOT)/Developer/Library/Frameworks",
					"$(inherited)",
				);
				INFOPLIST_FILE = MetroTests/Info.plist;
				LD_RUNPATH_SEARCH_PATHS = "$(inherited) @executable_path/Frameworks @loader_path/Frameworks";
				PRODUCT_NAME = "$(TARGET_NAME)";
				TEST_HOST = "$(BUILT_PRODUCTS_DIR)/Metro.app/Metro";
			};
			name = Release;
		};
/* End XCBuildConfiguration section */

/* Begin XCConfigurationList section */
		F8EB30121A1AEFE300CD162B /* Build configuration list for PBXProject "Metro" */ = {
			isa = XCConfigurationList;
			buildConfigurations = (
				F8EB303B1A1AEFE300CD162B /* Debug */,
				F8EB303C1A1AEFE300CD162B /* Release */,
			);
			defaultConfigurationIsVisible = 0;
			defaultConfigurationName = Release;
		};
		F8EB303D1A1AEFE300CD162B /* Build configuration list for PBXNativeTarget "Metro" */ = {
			isa = XCConfigurationList;
			buildConfigurations = (
				F8EB303E1A1AEFE300CD162B /* Debug */,
				F8EB303F1A1AEFE300CD162B /* Release */,
			);
			defaultConfigurationIsVisible = 0;
		};
		F8EB30401A1AEFE300CD162B /* Build configuration list for PBXNativeTarget "MetroTests" */ = {
			isa = XCConfigurationList;
			buildConfigurations = (
				F8EB30411A1AEFE300CD162B /* Debug */,
				F8EB30421A1AEFE300CD162B /* Release */,
			);
			defaultConfigurationIsVisible = 0;
		};
/* End XCConfigurationList section */
	};
	rootObject = F8EB300F1A1AEFE300CD162B /* Project object */;
}
